
Microsoft Visual Studio Solution File, Format Version 12.00
# Visual Studio Version 16
VisualStudioVersion = 16.0.31729.503
MinimumVisualStudioVersion = 10.0.40219.1
Project("{9A19103F-16F7-4668-BE54-9A1E7A4F7556}") = "OOP", "OOP.csproj", "{7D4CDBF7-9861-4ABC-A47C-8A7CC8A28FFB}"
EndProject
Project("{FAE04EC0-301F-11D3-BF4B-00C04F79EFBC}") = "Task_5", "..\Task_5\Task_5.csproj", "{3FC2F910-4C44-4D5B-A1FA-400DC146BE4C}"
EndProject
Global
	GlobalSection(SolutionConfigurationPlatforms) = preSolution
		Debug|Any CPU = Debug|Any CPU
		Release|Any CPU = Release|Any CPU
	EndGlobalSection
	GlobalSection(ProjectConfigurationPlatforms) = postSolution
		{7D4CDBF7-9861-4ABC-A47C-8A7CC8A28FFB}.Debug|Any CPU.ActiveCfg = Debug|Any CPU
		{7D4CDBF7-9861-4ABC-A47C-8A7CC8A28FFB}.Debug|Any CPU.Build.0 = Debug|Any CPU
		{7D4CDBF7-9861-4ABC-A47C-8A7CC8A28FFB}.Release|Any CPU.ActiveCfg = Release|Any CPU
		{7D4CDBF7-9861-4ABC-A47C-8A7CC8A28FFB}.Release|Any CPU.Build.0 = Release|Any CPU
		{3FC2F910-4C44-4D5B-A1FA-400DC146BE4C}.Debug|Any CPU.ActiveCfg = Debug|Any CPU
		{3FC2F910-4C44-4D5B-A1FA-400DC146BE4C}.Debug|Any CPU.Build.0 = Debug|Any CPU
		{3FC2F910-4C44-4D5B-A1FA-400DC146BE4C}.Release|Any CPU.ActiveCfg = Release|Any CPU
		{3FC2F910-4C44-4D5B-A1FA-400DC146BE4C}.Release|Any CPU.Build.0 = Release|Any CPU
	EndGlobalSection
	GlobalSection(SolutionProperties) = preSolution
		HideSolutionNode = FALSE
	EndGlobalSection
	GlobalSection(ExtensibilityGlobals) = postSolution
		SolutionGuid = {41609415-7C88-4EE7-A20D-90EB9E58A042}
	EndGlobalSection
EndGlobal
